
Microsoft Visual Studio Solution File, Format Version 12.00
# Visual Studio Version 16
VisualStudioVersion = 16.0.29503.13
MinimumVisualStudioVersion = 10.0.40219.1
Project("{FAE04EC0-301F-11D3-BF4B-00C04F79EFBC}") = "KursSelenium", "KursSelenium\KursSelenium.csproj", "{DF41171A-E966-4CCE-A125-A7E778A17B92}"
EndProject
Global
	GlobalSection(SolutionConfigurationPlatforms) = preSolution
		Debug|Any CPU = Debug|Any CPU
		Release|Any CPU = Release|Any CPU
	EndGlobalSection
	GlobalSection(ProjectConfigurationPlatforms) = postSolution
		{DF41171A-E966-4CCE-A125-A7E778A17B92}.Debug|Any CPU.ActiveCfg = Debug|Any CPU
		{DF41171A-E966-4CCE-A125-A7E778A17B92}.Debug|Any CPU.Build.0 = Debug|Any CPU
		{DF41171A-E966-4CCE-A125-A7E778A17B92}.Release|Any CPU.ActiveCfg = Release|Any CPU
		{DF41171A-E966-4CCE-A125-A7E778A17B92}.Release|Any CPU.Build.0 = Release|Any CPU
	EndGlobalSection
	GlobalSection(SolutionProperties) = preSolution
		HideSolutionNode = FALSE
	EndGlobalSection
	GlobalSection(ExtensibilityGlobals) = postSolution
		SolutionGuid = {C59A0D77-3202-4F6D-BF18-B56C10237ED7}
	EndGlobalSection
EndGlobal
